// !$*UTF8*$!
{
	archiveVersion = 1;
	classes = {
	};
	objectVersion = 46;
	objects = {

/* Begin PBXBuildFile section */
		6A7EB74A64E5CC460C701EE4 /* libPods-week11.a in Frameworks */ = {isa = PBXBuildFile; fileRef = 68DA851A735ABC05DFE1083D /* libPods-week11.a */; };
		6FACCFC61ED2EDC300F39B8B /* main.m in Sources */ = {isa = PBXBuildFile; fileRef = 6FACCFC51ED2EDC300F39B8B /* main.m */; };
		6FACCFC91ED2EDC300F39B8B /* AppDelegate.m in Sources */ = {isa = PBXBuildFile; fileRef = 6FACCFC81ED2EDC300F39B8B /* AppDelegate.m */; };
		6FACCFCC1ED2EDC300F39B8B /* ViewController.m in Sources */ = {isa = PBXBuildFile; fileRef = 6FACCFCB1ED2EDC300F39B8B /* ViewController.m */; };
		6FACCFCF1ED2EDC300F39B8B /* Main.storyboard in Resources */ = {isa = PBXBuildFile; fileRef = 6FACCFCD1ED2EDC300F39B8B /* Main.storyboard */; };
		6FACCFD11ED2EDC300F39B8B /* Assets.xcassets in Resources */ = {isa = PBXBuildFile; fileRef = 6FACCFD01ED2EDC300F39B8B /* Assets.xcassets */; };
		6FACCFD41ED2EDC300F39B8B /* LaunchScreen.storyboard in Resources */ = {isa = PBXBuildFile; fileRef = 6FACCFD21ED2EDC300F39B8B /* LaunchScreen.storyboard */; };
		6FACCFDD1ED2EE8400F39B8B /* SQLiteManager.m in Sources */ = {isa = PBXBuildFile; fileRef = 6FACCFDC1ED2EE8400F39B8B /* SQLiteManager.m */; };
		6FACCFE41ED2F3E500F39B8B /* libsqlite3.tbd in Frameworks */ = {isa = PBXBuildFile; fileRef = 6FACCFE21ED2F3E500F39B8B /* libsqlite3.tbd */; };
		6FACCFE51ED2F8AA00F39B8B /* top25.db in Resources */ = {isa = PBXBuildFile; fileRef = 6FACCFE01ED2F32C00F39B8B /* top25.db */; };
/* End PBXBuildFile section */

/* Begin PBXFileReference section */
		099C55D97B60A8AA653C626E /* Pods-week11.debug.xcconfig */ = {isa = PBXFileReference; includeInIndex = 1; lastKnownFileType = text.xcconfig; name = "Pods-week11.debug.xcconfig"; path = "Pods/Target Support Files/Pods-week11/Pods-week11.debug.xcconfig"; sourceTree = "<group>"; };
		419EFECE26AD2DEB77CB9879 /* Pods-week11.release.xcconfig */ = {isa = PBXFileReference; includeInIndex = 1; lastKnownFileType = text.xcconfig; name = "Pods-week11.release.xcconfig"; path = "Pods/Target Support Files/Pods-week11/Pods-week11.release.xcconfig"; sourceTree = "<group>"; };
		68DA851A735ABC05DFE1083D /* libPods-week11.a */ = {isa = PBXFileReference; explicitFileType = archive.ar; includeInIndex = 0; path = "libPods-week11.a"; sourceTree = BUILT_PRODUCTS_DIR; };
		6FACCFC11ED2EDC300F39B8B /* week11.app */ = {isa = PBXFileReference; explicitFileType = wrapper.application; includeInIndex = 0; path = week11.app; sourceTree = BUILT_PRODUCTS_DIR; };
		6FACCFC51ED2EDC300F39B8B /* main.m */ = {isa = PBXFileReference; lastKnownFileType = sourcecode.c.objc; path = main.m; sourceTree = "<group>"; };
		6FACCFC71ED2EDC300F39B8B /* AppDelegate.h */ = {isa = PBXFileReference; lastKnownFileType = sourcecode.c.h; path = AppDelegate.h; sourceTree = "<group>"; };
		6FACCFC81ED2EDC300F39B8B /* AppDelegate.m */ = {isa = PBXFileReference; lastKnownFileType = sourcecode.c.objc; path = AppDelegate.m; sourceTree = "<group>"; };
		6FACCFCA1ED2EDC300F39B8B /* ViewController.h */ = {isa = PBXFileReference; lastKnownFileType = sourcecode.c.h; path = ViewController.h; sourceTree = "<group>"; };
		6FACCFCB1ED2EDC300F39B8B /* ViewController.m */ = {isa = PBXFileReference; lastKnownFileType = sourcecode.c.objc; path = ViewController.m; sourceTree = "<group>"; };
		6FACCFCE1ED2EDC300F39B8B /* Base */ = {isa = PBXFileReference; lastKnownFileType = file.storyboard; name = Base; path = Base.lproj/Main.storyboard; sourceTree = "<group>"; };
		6FACCFD01ED2EDC300F39B8B /* Assets.xcassets */ = {isa = PBXFileReference; lastKnownFileType = folder.assetcatalog; path = Assets.xcassets; sourceTree = "<group>"; };
		6FACCFD31ED2EDC300F39B8B /* Base */ = {isa = PBXFileReference; lastKnownFileType = file.storyboard; name = Base; path = Base.lproj/LaunchScreen.storyboard; sourceTree = "<group>"; };
		6FACCFD51ED2EDC300F39B8B /* Info.plist */ = {isa = PBXFileReference; lastKnownFileType = text.plist.xml; path = Info.plist; sourceTree = "<group>"; };
		6FACCFDB1ED2EE8400F39B8B /* SQLiteManager.h */ = {isa = PBXFileReference; fileEncoding = 4; lastKnownFileType = sourcecode.c.h; path = SQLiteManager.h; sourceTree = "<group>"; };
		6FACCFDC1ED2EE8400F39B8B /* SQLiteManager.m */ = {isa = PBXFileReference; fileEncoding = 4; lastKnownFileType = sourcecode.c.objc; path = SQLiteManager.m; sourceTree = "<group>"; };
		6FACCFE01ED2F32C00F39B8B /* top25.db */ = {isa = PBXFileReference; lastKnownFileType = file; path = top25.db; sourceTree = "<group>"; };
		6FACCFE11ED2F3E500F39B8B /* libsqlite3.0.tbd */ = {isa = PBXFileReference; lastKnownFileType = "sourcecode.text-based-dylib-definition"; name = libsqlite3.0.tbd; path = usr/lib/libsqlite3.0.tbd; sourceTree = SDKROOT; };
		6FACCFE21ED2F3E500F39B8B /* libsqlite3.tbd */ = {isa = PBXFileReference; lastKnownFileType = "sourcecode.text-based-dylib-definition"; name = libsqlite3.tbd; path = usr/lib/libsqlite3.tbd; sourceTree = SDKROOT; };
/* End PBXFileReference section */

/* Begin PBXFrameworksBuildPhase section */
		6FACCFBE1ED2EDC300F39B8B /* Frameworks */ = {
			isa = PBXFrameworksBuildPhase;
			buildActionMask = 2147483647;
			files = (
				6FACCFE41ED2F3E500F39B8B /* libsqlite3.tbd in Frameworks */,
				6A7EB74A64E5CC460C701EE4 /* libPods-week11.a in Frameworks */,
			);
			runOnlyForDeploymentPostprocessing = 0;
		};
/* End PBXFrameworksBuildPhase section */

/* Begin PBXGroup section */
		09C85619FF1DFA2F411CB5C5 /* Frameworks */ = {
			isa = PBXGroup;
			children = (
				6FACCFE11ED2F3E500F39B8B /* libsqlite3.0.tbd */,
				6FACCFE21ED2F3E500F39B8B /* libsqlite3.tbd */,
				68DA851A735ABC05DFE1083D /* libPods-week11.a */,
			);
			name = Frameworks;
			sourceTree = "<group>";
		};
		6FACCFB81ED2EDC300F39B8B = {
			isa = PBXGroup;
			children = (
				6FACCFC31ED2EDC300F39B8B /* week11 */,
				6FACCFC21ED2EDC300F39B8B /* Products */,
				723CADE67B1AFC8657D600A9 /* Pods */,
				09C85619FF1DFA2F411CB5C5 /* Frameworks */,
			);
			sourceTree = "<group>";
		};
		6FACCFC21ED2EDC300F39B8B /* Products */ = {
			isa = PBXGroup;
			children = (
				6FACCFC11ED2EDC300F39B8B /* week11.app */,
			);
			name = Products;
			sourceTree = "<group>";
		};
		6FACCFC31ED2EDC300F39B8B /* week11 */ = {
			isa = PBXGroup;
			children = (
				6FACCFE01ED2F32C00F39B8B /* top25.db */,
				6FACCFC71ED2EDC300F39B8B /* AppDelegate.h */,
				6FACCFC81ED2EDC300F39B8B /* AppDelegate.m */,
				6FACCFCA1ED2EDC300F39B8B /* ViewController.h */,
				6FACCFCB1ED2EDC300F39B8B /* ViewController.m */,
				6FACCFCD1ED2EDC300F39B8B /* Main.storyboard */,
				6FACCFD01ED2EDC300F39B8B /* Assets.xcassets */,
				6FACCFD21ED2EDC300F39B8B /* LaunchScreen.storyboard */,
				6FACCFD51ED2EDC300F39B8B /* Info.plist */,
				6FACCFC41ED2EDC300F39B8B /* Supporting Files */,
				6FACCFDE1ED2EE8A00F39B8B /* Model */,
			);
			path = week11;
			sourceTree = "<group>";
		};
		6FACCFC41ED2EDC300F39B8B /* Supporting Files */ = {
			isa = PBXGroup;
			children = (
				6FACCFC51ED2EDC300F39B8B /* main.m */,
			);
			name = "Supporting Files";
			sourceTree = "<group>";
		};
		6FACCFDE1ED2EE8A00F39B8B /* Model */ = {
			isa = PBXGroup;
			children = (
				6FACCFDB1ED2EE8400F39B8B /* SQLiteManager.h */,
				6FACCFDC1ED2EE8400F39B8B /* SQLiteManager.m */,
			);
			name = Model;
			sourceTree = "<group>";
		};
		723CADE67B1AFC8657D600A9 /* Pods */ = {
			isa = PBXGroup;
			children = (
				099C55D97B60A8AA653C626E /* Pods-week11.debug.xcconfig */,
				419EFECE26AD2DEB77CB9879 /* Pods-week11.release.xcconfig */,
			);
			name = Pods;
			sourceTree = "<group>";
		};
/* End PBXGroup section */

/* Begin PBXNativeTarget section */
		6FACCFC01ED2EDC300F39B8B /* week11 */ = {
			isa = PBXNativeTarget;
			buildConfigurationList = 6FACCFD81ED2EDC300F39B8B /* Build configuration list for PBXNativeTarget "week11" */;
			buildPhases = (
				AB206D73DAECA6B49DF81B6E /* [CP] Check Pods Manifest.lock */,
				6FACCFBD1ED2EDC300F39B8B /* Sources */,
				6FACCFBE1ED2EDC300F39B8B /* Frameworks */,
				6FACCFBF1ED2EDC300F39B8B /* Resources */,
				3E4CDC904525140FC3E70939 /* [CP] Embed Pods Frameworks */,
				EA2D7A179411140054F8206F /* [CP] Copy Pods Resources */,
			);
			buildRules = (
			);
			dependencies = (
			);
			name = week11;
			productName = week11;
			productReference = 6FACCFC11ED2EDC300F39B8B /* week11.app */;
			productType = "com.apple.product-type.application";
		};
/* End PBXNativeTarget section */

/* Begin PBXProject section */
		6FACCFB91ED2EDC300F39B8B /* Project object */ = {
			isa = PBXProject;
			attributes = {
				LastUpgradeCheck = 0820;
				ORGANIZATIONNAME = "최원영";
				TargetAttributes = {
					6FACCFC01ED2EDC300F39B8B = {
						CreatedOnToolsVersion = 8.2.1;
						DevelopmentTeam = CBHNBA65SH;
						ProvisioningStyle = Automatic;
					};
				};
			};
			buildConfigurationList = 6FACCFBC1ED2EDC300F39B8B /* Build configuration list for PBXProject "week11" */;
			compatibilityVersion = "Xcode 3.2";
			developmentRegion = English;
			hasScannedForEncodings = 0;
			knownRegions = (
				en,
				Base,
			);
			mainGroup = 6FACCFB81ED2EDC300F39B8B;
			productRefGroup = 6FACCFC21ED2EDC300F39B8B /* Products */;
			projectDirPath = "";
			projectRoot = "";
			targets = (
				6FACCFC01ED2EDC300F39B8B /* week11 */,
			);
		};
/* End PBXProject section */

/* Begin PBXResourcesBuildPhase section */
		6FACCFBF1ED2EDC300F39B8B /* Resources */ = {
			isa = PBXResourcesBuildPhase;
			buildActionMask = 2147483647;
			files = (
				6FACCFD41ED2EDC300F39B8B /* LaunchScreen.storyboard in Resources */,
				6FACCFD11ED2EDC300F39B8B /* Assets.xcassets in Resources */,
				6FACCFE51ED2F8AA00F39B8B /* top25.db in Resources */,
				6FACCFCF1ED2EDC300F39B8B /* Main.storyboard in Resources */,
			);
			runOnlyForDeploymentPostprocessing = 0;
		};
/* End PBXResourcesBuildPhase section */

/* Begin PBXShellScriptBuildPhase section */
		3E4CDC904525140FC3E70939 /* [CP] Embed Pods Frameworks */ = {
			isa = PBXShellScriptBuildPhase;
			buildActionMask = 2147483647;
			files = (
			);
			inputPaths = (
			);
			name = "[CP] Embed Pods Frameworks";
			outputPaths = (
			);
			runOnlyForDeploymentPostprocessing = 0;
			shellPath = /bin/sh;
			shellScript = "\"${SRCROOT}/Pods/Target Support Files/Pods-week11/Pods-week11-frameworks.sh\"\n";
			showEnvVarsInLog = 0;
		};
		AB206D73DAECA6B49DF81B6E /* [CP] Check Pods Manifest.lock */ = {
			isa = PBXShellScriptBuildPhase;
			buildActionMask = 2147483647;
			files = (
			);
			inputPaths = (
			);
			name = "[CP] Check Pods Manifest.lock";
			outputPaths = (
			);
			runOnlyForDeploymentPostprocessing = 0;
			shellPath = /bin/sh;
			shellScript = "diff \"${PODS_ROOT}/../Podfile.lock\" \"${PODS_ROOT}/Manifest.lock\" > /dev/null\nif [ $? != 0 ] ; then\n    # print error to STDERR\n    echo \"error: The sandbox is not in sync with the Podfile.lock. Run 'pod install' or update your CocoaPods installation.\" >&2\n    exit 1\nfi\n";
			showEnvVarsInLog = 0;
		};
		EA2D7A179411140054F8206F /* [CP] Copy Pods Resources */ = {
			isa = PBXShellScriptBuildPhase;
			buildActionMask = 2147483647;
			files = (
			);
			inputPaths = (
			);
			name = "[CP] Copy Pods Resources";
			outputPaths = (
			);
			runOnlyForDeploymentPostprocessing = 0;
			shellPath = /bin/sh;
			shellScript = "\"${SRCROOT}/Pods/Target Support Files/Pods-week11/Pods-week11-resources.sh\"\n";
			showEnvVarsInLog = 0;
		};
/* End PBXShellScriptBuildPhase section */

/* Begin PBXSourcesBuildPhase section */
		6FACCFBD1ED2EDC300F39B8B /* Sources */ = {
			isa = PBXSourcesBuildPhase;
			buildActionMask = 2147483647;
			files = (
				6FACCFCC1ED2EDC300F39B8B /* ViewController.m in Sources */,
				6FACCFC91ED2EDC300F39B8B /* AppDelegate.m in Sources */,
				6FACCFC61ED2EDC300F39B8B /* main.m in Sources */,
				6FACCFDD1ED2EE8400F39B8B /* SQLiteManager.m in Sources */,
			);
			runOnlyForDeploymentPostprocessing = 0;
		};
/* End PBXSourcesBuildPhase section */

/* Begin PBXVariantGroup section */
		6FACCFCD1ED2EDC300F39B8B /* Main.storyboard */ = {
			isa = PBXVariantGroup;
			children = (
				6FACCFCE1ED2EDC300F39B8B /* Base */,
			);
			name = Main.storyboard;
			sourceTree = "<group>";
		};
		6FACCFD21ED2EDC300F39B8B /* LaunchScreen.storyboard */ = {
			isa = PBXVariantGroup;
			children = (
				6FACCFD31ED2EDC300F39B8B /* Base */,
			);
			name = LaunchScreen.storyboard;
			sourceTree = "<group>";
		};
/* End PBXVariantGroup section */

/* Begin XCBuildConfiguration section */
		6FACCFD61ED2EDC300F39B8B /* Debug */ = {
			isa = XCBuildConfiguration;
			buildSettings = {
				ALWAYS_SEARCH_USER_PATHS = NO;
				CLANG_ANALYZER_NONNULL = YES;
				CLANG_CXX_LANGUAGE_STANDARD = "gnu++0x";
				CLANG_CXX_LIBRARY = "libc++";
				CLANG_ENABLE_MODULES = YES;
				CLANG_ENABLE_OBJC_ARC = YES;
				CLANG_WARN_BOOL_CONVERSION = YES;
				CLANG_WARN_CONSTANT_CONVERSION = YES;
				CLANG_WARN_DIRECT_OBJC_ISA_USAGE = YES_ERROR;
				CLANG_WARN_DOCUMENTATION_COMMENTS = YES;
				CLANG_WARN_EMPTY_BODY = YES;
				CLANG_WARN_ENUM_CONVERSION = YES;
				CLANG_WARN_INFINITE_RECURSION = YES;
				CLANG_WARN_INT_CONVERSION = YES;
				CLANG_WARN_OBJC_ROOT_CLASS = YES_ERROR;
				CLANG_WARN_SUSPICIOUS_MOVE = YES;
				CLANG_WARN_UNREACHABLE_CODE = YES;
				CLANG_WARN__DUPLICATE_METHOD_MATCH = YES;
				"CODE_SIGN_IDENTITY[sdk=iphoneos*]" = "iPhone Developer";
				COPY_PHASE_STRIP = NO;
				DEBUG_INFORMATION_FORMAT = dwarf;
				ENABLE_STRICT_OBJC_MSGSEND = YES;
				ENABLE_TESTABILITY = YES;
				GCC_C_LANGUAGE_STANDARD = gnu99;
				GCC_DYNAMIC_NO_PIC = NO;
				GCC_NO_COMMON_BLOCKS = YES;
				GCC_OPTIMIZATION_LEVEL = 0;
				GCC_PREPROCESSOR_DEFINITIONS = (
					"DEBUG=1",
					"$(inherited)",
				);
				GCC_WARN_64_TO_32_BIT_CONVERSION = YES;
				GCC_WARN_ABOUT_RETURN_TYPE = YES_ERROR;
				GCC_WARN_UNDECLARED_SELECTOR = YES;
				GCC_WARN_UNINITIALIZED_AUTOS = YES_AGGRESSIVE;
				GCC_WARN_UNUSED_FUNCTION = YES;
				GCC_WARN_UNUSED_VARIABLE = YES;
				IPHONEOS_DEPLOYMENT_TARGET = 10.2;
				MTL_ENABLE_DEBUG_INFO = YES;
				ONLY_ACTIVE_ARCH = YES;
				SDKROOT = iphoneos;
			};
			name = Debug;
		};
		6FACCFD71ED2EDC300F39B8B /* Release */ = {
			isa = XCBuildConfiguration;
			buildSettings = {
				ALWAYS_SEARCH_USER_PATHS = NO;
				CLANG_ANALYZER_NONNULL = YES;
				CLANG_CXX_LANGUAGE_STANDARD = "gnu++0x";
				CLANG_CXX_LIBRARY = "libc++";
				CLANG_ENABLE_MODULES = YES;
				CLANG_ENABLE_OBJC_ARC = YES;
				CLANG_WARN_BOOL_CONVERSION = YES;
				CLANG_WARN_CONSTANT_CONVERSION = YES;
				CLANG_WARN_DIRECT_OBJC_ISA_USAGE = YES_ERROR;
				CLANG_WARN_DOCUMENTATION_COMMENTS = YES;
				CLANG_WARN_EMPTY_BODY = YES;
				CLANG_WARN_ENUM_CONVERSION = YES;
				CLANG_WARN_INFINITE_RECURSION = YES;
				CLANG_WARN_INT_CONVERSION = YES;
				CLANG_WARN_OBJC_ROOT_CLASS = YES_ERROR;
				CLANG_WARN_SUSPICIOUS_MOVE = YES;
				CLANG_WARN_UNREACHABLE_CODE = YES;
				CLANG_WARN__DUPLICATE_METHOD_MATCH = YES;
				"CODE_SIGN_IDENTITY[sdk=iphoneos*]" = "iPhone Developer";
				COPY_PHASE_STRIP = NO;
				DEBUG_INFORMATION_FORMAT = "dwarf-with-dsym";
				ENABLE_NS_ASSERTIONS = NO;
				ENABLE_STRICT_OBJC_MSGSEND = YES;
				GCC_C_LANGUAGE_STANDARD = gnu99;
				GCC_NO_COMMON_BLOCKS = YES;
				GCC_WARN_64_TO_32_BIT_CONVERSION = YES;
				GCC_WARN_ABOUT_RETURN_TYPE = YES_ERROR;
				GCC_WARN_UNDECLARED_SELECTOR = YES;
				GCC_WARN_UNINITIALIZED_AUTOS = YES_AGGRESSIVE;
				GCC_WARN_UNUSED_FUNCTION = YES;
				GCC_WARN_UNUSED_VARIABLE = YES;
				IPHONEOS_DEPLOYMENT_TARGET = 10.2;
				MTL_ENABLE_DEBUG_INFO = NO;
				SDKROOT = iphoneos;
				VALIDATE_PRODUCT = YES;
			};
			name = Release;
		};
		6FACCFD91ED2EDC300F39B8B /* Debug */ = {
			isa = XCBuildConfiguration;
			baseConfigurationReference = 099C55D97B60A8AA653C626E /* Pods-week11.debug.xcconfig */;
			buildSettings = {
				ASSETCATALOG_COMPILER_APPICON_NAME = AppIcon;
				DEVELOPMENT_TEAM = CBHNBA65SH;
				INFOPLIST_FILE = week11/Info.plist;
				LD_RUNPATH_SEARCH_PATHS = "$(inherited) @executable_path/Frameworks";
				PRODUCT_BUNDLE_IDENTIFIER = xsync.co.week11;
				PRODUCT_NAME = "$(TARGET_NAME)";
			};
			name = Debug;
		};
		6FACCFDA1ED2EDC300F39B8B /* Release */ = {
			isa = XCBuildConfiguration;
			baseConfigurationReference = 419EFECE26AD2DEB77CB9879 /* Pods-week11.release.xcconfig */;
			buildSettings = {
				ASSETCATALOG_COMPILER_APPICON_NAME = AppIcon;
				DEVELOPMENT_TEAM = CBHNBA65SH;
				INFOPLIST_FILE = week11/Info.plist;
				LD_RUNPATH_SEARCH_PATHS = "$(inherited) @executable_path/Frameworks";
				PRODUCT_BUNDLE_IDENTIFIER = xsync.co.week11;
				PRODUCT_NAME = "$(TARGET_NAME)";
			};
			name = Release;
		};
/* End XCBuildConfiguration section */

/* Begin XCConfigurationList section */
		6FACCFBC1ED2EDC300F39B8B /* Build configuration list for PBXProject "week11" */ = {
			isa = XCConfigurationList;
			buildConfigurations = (
				6FACCFD61ED2EDC300F39B8B /* Debug */,
				6FACCFD71ED2EDC300F39B8B /* Release */,
			);
			defaultConfigurationIsVisible = 0;
			defaultConfigurationName = Release;
		};
		6FACCFD81ED2EDC300F39B8B /* Build configuration list for PBXNativeTarget "week11" */ = {
			isa = XCConfigurationList;
			buildConfigurations = (
				6FACCFD91ED2EDC300F39B8B /* Debug */,
				6FACCFDA1ED2EDC300F39B8B /* Release */,
			);
			defaultConfigurationIsVisible = 0;
			defaultConfigurationName = Release;
		};
/* End XCConfigurationList section */
	};
	rootObject = 6FACCFB91ED2EDC300F39B8B /* Project object */;
}
